{
  "nodes": {
    "eto": {
      "flake": false,
      "locked": {
        "lastModified": 1791054296,
        "narHash": "sha256-8lKnIq/n+uREaFjEFJIkcIIUaBjC2UDEvWYZU/QbB1Q=",
        "owner": "keysharp-org",
        "repo": "Eto",
        "rev": "fe4ebbe12bb137e20a798cbab01ac3dcb0c76207",
        "type": "github"
      },
      "original": {
        "owner": "keysharp-org",
        "ref": "Keysharp",
        "repo": "Eto",
        "type": "github"
      }
    },
    "nixpkgs": {
      "locked": {
        "lastModified": 1786862985,
        "narHash": "sha256-FBJRXmbGXiSUDvYEbfLYRkckayyZ6SK1UEqhCrIZ2Cs=",
        "owner": "NixOS",
        "repo": "nixpkgs",
        "rev": "e5bdc4a41d4c072fe1e3787eaa0320a384741d44",
        "type": "github"
      },
      "original": {
        "owner": "NixOS",
        "repo": "nixpkgs",
        "rev": "e5bdc4a41d4c072fe1e3787eaa0320a384741d44",
        "type": "github"
      }
    },
    "root": {
      "inputs": {
        "eto": "eto",
        "nixpkgs": "nixpkgs"
      }
    }
  },
  "root": "root",
  "version": 7
}
