{
  "nodes": {
    "eto": {
      "flake": false,
      "locked": {
        "lastModified": 1790509825,
        "narHash": "sha256-nAo56fDvCt1Rn/bujApH4ZRsHNDhIDp6PKQrEVrveko=",
        "owner": "keysharp-org",
        "repo": "Eto",
        "rev": "69f5ed85535da4bf8f302b1bbdeffa0c19a76dd7",
        "type": "github"
      },
      "original": {
        "owner": "keysharp-org",
        "ref": "Keysharp",
        "repo": "Eto",
        "type": "github"
      }
    },
    "nixpkgs": {
      "locked": {
        "lastModified": 1786862985,
        "narHash": "sha256-FBJRXmbGXiSUDvYEbfLYRkckayyZ6SK1UEqhCrIZ2Cs=",
        "owner": "NixOS",
        "repo": "nixpkgs",
        "rev": "e5bdc4a41d4c072fe1e3787eaa0320a384741d44",
        "type": "github"
      },
      "original": {
        "owner": "NixOS",
        "repo": "nixpkgs",
        "rev": "e5bdc4a41d4c072fe1e3787eaa0320a384741d44",
        "type": "github"
      }
    },
    "root": {
      "inputs": {
        "eto": "eto",
        "nixpkgs": "nixpkgs"
      }
    }
  },
  "root": "root",
  "version": 7
}
